{
  "name": "school_manegement",
  "lockfileVersion": 3,
  "requires": true,
  "packages": {
    "": {
      "dependencies": {
        "memory": "^0.0.3"
      }
    },
    "node_modules/memory": {
      "version": "0.0.3",
      "resolved": "https://registry.npmjs.org/memory/-/memory-0.0.3.tgz",
      "integrity": "sha512-1T8bBUmCpgbj0OapyaQO+fD4gdJewfyE3pqSifpmRbBOIxJRTu968Nw5mdFnmK6eAdERJXHjXReGz7/uOggcBw==",
      "engines": {
        "node": "~v0.4.11"
      }
    }
  }
}
